schema: '2.0'
stages:
  train_yolo:
    cmd: python train.py
    deps:
    - path: images
      hash: md5
      md5: 253454be5e5baef4946e431b6b23b13e.dir
      size: 13507
      nfiles: 5
    - path: labels
      hash: md5
      md5: 93dfefd364d87b2fc782649964b4596b.dir
      size: 57
      nfiles: 3
    - path: train.py
      hash: md5
      md5: 46a3749a11d4e8c0a29df7837e71faf8
      size: 465
    outs:
    - path: model.pth
      hash: md5
      md5: c515cb3a7b87d6bd0f434d39278a2bda
      size: 11
